<?xml version="1.0" encoding="utf-8"?>
<Project ToolsVersion="4.0" xmlns="http://schemas.microsoft.com/developer/msbuild/2003">
  <ItemGroup>
    <Filter Include="Source Files">
      <UniqueIdentifier>{080bdd86-8d07-442c-88d8-83e435935500}</UniqueIdentifier>
      <Extensions>cpp;c;cxx;def;odl;idl;hpj;bat;asm</Extensions>
    </Filter>
    <Filter Include="Header Files">
      <UniqueIdentifier>{3b15a376-6d29-46c8-8855-5f44f0c9b27d}</UniqueIdentifier>
      <Extensions>h;hpp;hxx;hm;inl;inc</Extensions>
    </Filter>
    <Filter Include="Resource Files">
      <UniqueIdentifier>{7b5b5c41-9432-42cf-be6d-2039cfd201c5}</UniqueIdentifier>
      <Extensions>rc;ico;cur;bmp;dlg;rc2;rct;bin;rgs;gif;jpg;jpeg;jpe</Extensions>
    </Filter>
  </ItemGroup>
  <ItemGroup>
    <ClCompile Include="DSoundCtrl.cpp">
      <Filter>Source Files</Filter>
    </ClCompile>
    <ClCompile Include="IDirectSound3DBufferEx.cpp">
      <Filter>Source Files</Filter>
    </ClCompile>
    <ClCompile Include="IDirectSound3DListenerEx.cpp">
      <Filter>Source Files</Filter>
    </ClCompile>
    <ClCompile Include="IDirectSoundBufferEx.cpp">
      <Filter>Source Files</Filter>
    </ClCompile>
    <ClCompile Include="IDirectSoundClassFactoryEx.cpp">
      <Filter>Source Files</Filter>
    </ClCompile>
    <ClCompile Include="IDirectSoundEx.cpp">
      <Filter>Source Files</Filter>
    </ClCompile>
  </ItemGroup>
  <ItemGroup>
    <None Include="DSoundCtrl.def">
      <Filter>Source Files</Filter>
    </None>
  </ItemGroup>
  <ItemGroup>
    <ClInclude Include="DSoundCtrl.h">
      <Filter>Header Files</Filter>
    </ClInclude>
    <ClInclude Include="DSoundTypes.h">
      <Filter>Header Files</Filter>
    </ClInclude>
    <ClInclude Include="IDirectSound3DBufferEx.h">
      <Filter>Header Files</Filter>
    </ClInclude>
    <ClInclude Include="IDirectSound3DListenerEx.h">
      <Filter>Header Files</Filter>
    </ClInclude>
    <ClInclude Include="IDirectSoundBufferEx.h">
      <Filter>Header Files</Filter>
    </ClInclude>
    <ClInclude Include="IDirectSoundClassFactoryEx.h">
      <Filter>Header Files</Filter>
    </ClInclude>
    <ClInclude Include="IDirectSoundEx.h">
      <Filter>Header Files</Filter>
    </ClInclude>
    <ClInclude Include="Resource.h">
      <Filter>Header Files</Filter>
    </ClInclude>
    <ClInclude Include="dsound.h">
      <Filter>Header Files</Filter>
    </ClInclude>
  </ItemGroup>
  <ItemGroup>
    <ResourceCompile Include="DSoundCtrl.rc">
      <Filter>Resource Files</Filter>
    </ResourceCompile>
  </ItemGroup>
  <ItemGroup>
    <Text Include="ReadMe.txt" />
  </ItemGroup>
</Project>